{
    "name": "skyltprogram",
    "version": "1.1.0",
    "lockfileVersion": 3,
    "requires": true,
    "packages": {
        "": {
            "name": "skyltprogram",
            "version": "1.1.0",
            "license": "AGPL-3.0-or-later",
            "devDependencies": {
                "ncp": "^2.0.0",
                "typescript": "^5.8.2"
            }
        },
        "node_modules/ncp": {
            "version": "2.0.0",
            "resolved": "https://registry.npmjs.org/ncp/-/ncp-2.0.0.tgz",
            "integrity": "sha512-zIdGUrPRFTUELUvr3Gmc7KZ2Sw/h1PiVM0Af/oHB6zgnV1ikqSfRk+TOufi79aHYCW3NiOXmr1BP5nWbzojLaA==",
            "dev": true,
            "bin": {
                "ncp": "bin/ncp"
            }
        },
        "node_modules/typescript": {
            "version": "5.8.2",
            "resolved": "https://registry.npmjs.org/typescript/-/typescript-5.8.2.tgz",
            "integrity": "sha512-aJn6wq13/afZp/jT9QZmwEjDqqvSGp1VT5GVg+f/t6/oVyrgXM6BY1h9BRh/O5p3PlUPAe+WuiEZOmb/49RqoQ==",
            "dev": true,
            "bin": {
                "tsc": "bin/tsc",
                "tsserver": "bin/tsserver"
            },
            "engines": {
                "node": ">=14.17"
            }
        }
    }
}
